// !$*UTF8*$!
{
	archiveVersion = 1;
	classes = {
	};
	objectVersion = 50;
	objects = {

/* Begin PBXBuildFile section */
		5A63DBDA6124759CD9D9D6CD /* Pods_RelativePitch.framework in Frameworks */ = {isa = PBXBuildFile; fileRef = E682D6571959BE94A1353198 /* Pods_RelativePitch.framework */; };
		662EADF621EE97D800C037A7 /* AppDelegate.swift in Sources */ = {isa = PBXBuildFile; fileRef = 662EADF521EE97D800C037A7 /* AppDelegate.swift */; };
		662EADF821EE97D800C037A7 /* ViewController.swift in Sources */ = {isa = PBXBuildFile; fileRef = 662EADF721EE97D800C037A7 /* ViewController.swift */; };
		662EADFB21EE97D800C037A7 /* Main.storyboard in Resources */ = {isa = PBXBuildFile; fileRef = 662EADF921EE97D800C037A7 /* Main.storyboard */; };
		662EADFD21EE97D900C037A7 /* Assets.xcassets in Resources */ = {isa = PBXBuildFile; fileRef = 662EADFC21EE97D900C037A7 /* Assets.xcassets */; };
		662EAE0021EE97D900C037A7 /* LaunchScreen.storyboard in Resources */ = {isa = PBXBuildFile; fileRef = 662EADFE21EE97D900C037A7 /* LaunchScreen.storyboard */; };
		662EAE2121EE9FC100C037A7 /* Piano-C3.wav in Resources */ = {isa = PBXBuildFile; fileRef = 662EAE2021EE9FC100C037A7 /* Piano-C3.wav */; };
		662EAE2D21EEA2D200C037A7 /* Piano-F3.wav in Resources */ = {isa = PBXBuildFile; fileRef = 662EAE2221EEA2CF00C037A7 /* Piano-F3.wav */; };
		662EAE2E21EEA2D200C037A7 /* Piano-Db3.wav in Resources */ = {isa = PBXBuildFile; fileRef = 662EAE2321EEA2CF00C037A7 /* Piano-Db3.wav */; };
		662EAE2F21EEA2D200C037A7 /* Piano-G3.wav in Resources */ = {isa = PBXBuildFile; fileRef = 662EAE2421EEA2D000C037A7 /* Piano-G3.wav */; };
		662EAE3021EEA2D200C037A7 /* Piano-Ab3.wav in Resources */ = {isa = PBXBuildFile; fileRef = 662EAE2521EEA2D000C037A7 /* Piano-Ab3.wav */; };
		662EAE3121EEA2D200C037A7 /* Piano-Bb3.wav in Resources */ = {isa = PBXBuildFile; fileRef = 662EAE2621EEA2D000C037A7 /* Piano-Bb3.wav */; };
		662EAE3221EEA2D200C037A7 /* Piano-A3.wav in Resources */ = {isa = PBXBuildFile; fileRef = 662EAE2721EEA2D000C037A7 /* Piano-A3.wav */; };
		662EAE3321EEA2D200C037A7 /* Piano-E3.wav in Resources */ = {isa = PBXBuildFile; fileRef = 662EAE2821EEA2D100C037A7 /* Piano-E3.wav */; };
		662EAE3421EEA2D200C037A7 /* Piano-Eb3.wav in Resources */ = {isa = PBXBuildFile; fileRef = 662EAE2921EEA2D100C037A7 /* Piano-Eb3.wav */; };
		662EAE3521EEA2D200C037A7 /* Piano-D3.wav in Resources */ = {isa = PBXBuildFile; fileRef = 662EAE2A21EEA2D100C037A7 /* Piano-D3.wav */; };
		662EAE3621EEA2D200C037A7 /* Piano-B3.wav in Resources */ = {isa = PBXBuildFile; fileRef = 662EAE2B21EEA2D100C037A7 /* Piano-B3.wav */; };
		662EAE3721EEA2D200C037A7 /* Piano-Gb3.wav in Resources */ = {isa = PBXBuildFile; fileRef = 662EAE2C21EEA2D200C037A7 /* Piano-Gb3.wav */; };
		662EAE3921EEAB5000C037A7 /* KeyButton.swift in Sources */ = {isa = PBXBuildFile; fileRef = 662EAE3821EEAB5000C037A7 /* KeyButton.swift */; };
		662EAE3D21F156A900C037A7 /* MusicBox.swift in Sources */ = {isa = PBXBuildFile; fileRef = 662EAE3C21F156A900C037A7 /* MusicBox.swift */; };
		66A51537220EB41000831DD7 /* MainViewController.swift in Sources */ = {isa = PBXBuildFile; fileRef = 66A51536220EB41000831DD7 /* MainViewController.swift */; };
		66A51539220EBBC900831DD7 /* GameOverViewController.swift in Sources */ = {isa = PBXBuildFile; fileRef = 66A51538220EBBC900831DD7 /* GameOverViewController.swift */; };
		66E3D90721F56F1C00DF342B /* MenuButtonView.swift in Sources */ = {isa = PBXBuildFile; fileRef = 66E3D90621F56F1C00DF342B /* MenuButtonView.swift */; };
		66E3D90921F5963000DF342B /* KeyButtonView.swift in Sources */ = {isa = PBXBuildFile; fileRef = 66E3D90821F5963000DF342B /* KeyButtonView.swift */; };
		66E3D90F21F691F000DF342B /* TimerView.swift in Sources */ = {isa = PBXBuildFile; fileRef = 66E3D90E21F691F000DF342B /* TimerView.swift */; };
		66E3D91121F6967C00DF342B /* CommonLabel.swift in Sources */ = {isa = PBXBuildFile; fileRef = 66E3D91021F6967C00DF342B /* CommonLabel.swift */; };
/* End PBXBuildFile section */

/* Begin PBXFileReference section */
		662EADF221EE97D800C037A7 /* RelativePitch.app */ = {isa = PBXFileReference; explicitFileType = wrapper.application; includeInIndex = 0; path = RelativePitch.app; sourceTree = BUILT_PRODUCTS_DIR; };
		662EADF521EE97D800C037A7 /* AppDelegate.swift */ = {isa = PBXFileReference; lastKnownFileType = sourcecode.swift; path = AppDelegate.swift; sourceTree = "<group>"; };
		662EADF721EE97D800C037A7 /* ViewController.swift */ = {isa = PBXFileReference; lastKnownFileType = sourcecode.swift; path = ViewController.swift; sourceTree = "<group>"; };
		662EADFA21EE97D800C037A7 /* Base */ = {isa = PBXFileReference; lastKnownFileType = file.storyboard; name = Base; path = Base.lproj/Main.storyboard; sourceTree = "<group>"; };
		662EADFC21EE97D900C037A7 /* Assets.xcassets */ = {isa = PBXFileReference; lastKnownFileType = folder.assetcatalog; path = Assets.xcassets; sourceTree = "<group>"; };
		662EADFF21EE97D900C037A7 /* Base */ = {isa = PBXFileReference; lastKnownFileType = file.storyboard; name = Base; path = Base.lproj/LaunchScreen.storyboard; sourceTree = "<group>"; };
		662EAE0121EE97D900C037A7 /* Info.plist */ = {isa = PBXFileReference; lastKnownFileType = text.plist.xml; path = Info.plist; sourceTree = "<group>"; };
		662EAE2021EE9FC100C037A7 /* Piano-C3.wav */ = {isa = PBXFileReference; lastKnownFileType = audio.wav; path = "Piano-C3.wav"; sourceTree = "<group>"; };
		662EAE2221EEA2CF00C037A7 /* Piano-F3.wav */ = {isa = PBXFileReference; lastKnownFileType = audio.wav; path = "Piano-F3.wav"; sourceTree = "<group>"; };
		662EAE2321EEA2CF00C037A7 /* Piano-Db3.wav */ = {isa = PBXFileReference; lastKnownFileType = audio.wav; path = "Piano-Db3.wav"; sourceTree = "<group>"; };
		662EAE2421EEA2D000C037A7 /* Piano-G3.wav */ = {isa = PBXFileReference; lastKnownFileType = audio.wav; path = "Piano-G3.wav"; sourceTree = "<group>"; };
		662EAE2521EEA2D000C037A7 /* Piano-Ab3.wav */ = {isa = PBXFileReference; lastKnownFileType = audio.wav; path = "Piano-Ab3.wav"; sourceTree = "<group>"; };
		662EAE2621EEA2D000C037A7 /* Piano-Bb3.wav */ = {isa = PBXFileReference; lastKnownFileType = audio.wav; path = "Piano-Bb3.wav"; sourceTree = "<group>"; };
		662EAE2721EEA2D000C037A7 /* Piano-A3.wav */ = {isa = PBXFileReference; lastKnownFileType = audio.wav; path = "Piano-A3.wav"; sourceTree = "<group>"; };
		662EAE2821EEA2D100C037A7 /* Piano-E3.wav */ = {isa = PBXFileReference; lastKnownFileType = audio.wav; path = "Piano-E3.wav"; sourceTree = "<group>"; };
		662EAE2921EEA2D100C037A7 /* Piano-Eb3.wav */ = {isa = PBXFileReference; lastKnownFileType = audio.wav; path = "Piano-Eb3.wav"; sourceTree = "<group>"; };
		662EAE2A21EEA2D100C037A7 /* Piano-D3.wav */ = {isa = PBXFileReference; lastKnownFileType = audio.wav; path = "Piano-D3.wav"; sourceTree = "<group>"; };
		662EAE2B21EEA2D100C037A7 /* Piano-B3.wav */ = {isa = PBXFileReference; lastKnownFileType = audio.wav; path = "Piano-B3.wav"; sourceTree = "<group>"; };
		662EAE2C21EEA2D200C037A7 /* Piano-Gb3.wav */ = {isa = PBXFileReference; lastKnownFileType = audio.wav; path = "Piano-Gb3.wav"; sourceTree = "<group>"; };
		662EAE3821EEAB5000C037A7 /* KeyButton.swift */ = {isa = PBXFileReference; lastKnownFileType = sourcecode.swift; path = KeyButton.swift; sourceTree = "<group>"; };
		662EAE3C21F156A900C037A7 /* MusicBox.swift */ = {isa = PBXFileReference; lastKnownFileType = sourcecode.swift; path = MusicBox.swift; sourceTree = "<group>"; };
		66A51536220EB41000831DD7 /* MainViewController.swift */ = {isa = PBXFileReference; lastKnownFileType = sourcecode.swift; path = MainViewController.swift; sourceTree = "<group>"; };
		66A51538220EBBC900831DD7 /* GameOverViewController.swift */ = {isa = PBXFileReference; lastKnownFileType = sourcecode.swift; path = GameOverViewController.swift; sourceTree = "<group>"; };
		66E3D90621F56F1C00DF342B /* MenuButtonView.swift */ = {isa = PBXFileReference; lastKnownFileType = sourcecode.swift; path = MenuButtonView.swift; sourceTree = "<group>"; };
		66E3D90821F5963000DF342B /* KeyButtonView.swift */ = {isa = PBXFileReference; lastKnownFileType = sourcecode.swift; path = KeyButtonView.swift; sourceTree = "<group>"; };
		66E3D90E21F691F000DF342B /* TimerView.swift */ = {isa = PBXFileReference; lastKnownFileType = sourcecode.swift; path = TimerView.swift; sourceTree = "<group>"; };
		66E3D91021F6967C00DF342B /* CommonLabel.swift */ = {isa = PBXFileReference; lastKnownFileType = sourcecode.swift; path = CommonLabel.swift; sourceTree = "<group>"; };
		6A33A02FB9377D13A242DF65 /* Pods-RelativePitch.debug.xcconfig */ = {isa = PBXFileReference; includeInIndex = 1; lastKnownFileType = text.xcconfig; name = "Pods-RelativePitch.debug.xcconfig"; path = "Pods/Target Support Files/Pods-RelativePitch/Pods-RelativePitch.debug.xcconfig"; sourceTree = "<group>"; };
		6D405BA93DBCFA272D6120F8 /* Pods-RelativePitch.release.xcconfig */ = {isa = PBXFileReference; includeInIndex = 1; lastKnownFileType = text.xcconfig; name = "Pods-RelativePitch.release.xcconfig"; path = "Pods/Target Support Files/Pods-RelativePitch/Pods-RelativePitch.release.xcconfig"; sourceTree = "<group>"; };
		E682D6571959BE94A1353198 /* Pods_RelativePitch.framework */ = {isa = PBXFileReference; explicitFileType = wrapper.framework; includeInIndex = 0; path = Pods_RelativePitch.framework; sourceTree = BUILT_PRODUCTS_DIR; };
/* End PBXFileReference section */

/* Begin PBXFrameworksBuildPhase section */
		662EADEF21EE97D800C037A7 /* Frameworks */ = {
			isa = PBXFrameworksBuildPhase;
			buildActionMask = 2147483647;
			files = (
				5A63DBDA6124759CD9D9D6CD /* Pods_RelativePitch.framework in Frameworks */,
			);
			runOnlyForDeploymentPostprocessing = 0;
		};
/* End PBXFrameworksBuildPhase section */

/* Begin PBXGroup section */
		662EADE921EE97D800C037A7 = {
			isa = PBXGroup;
			children = (
				662EADF421EE97D800C037A7 /* RelativePitch */,
			);
			sourceTree = "<group>";
		};
		662EADF321EE97D800C037A7 /* Products */ = {
			isa = PBXGroup;
			children = (
				662EADF221EE97D800C037A7 /* RelativePitch.app */,
			);
			name = Products;
			path = ../..;
			sourceTree = "<group>";
		};
		662EADF421EE97D800C037A7 /* RelativePitch */ = {
			isa = PBXGroup;
			children = (
				662EAE0121EE97D900C037A7 /* Info.plist */,
				662EADF521EE97D800C037A7 /* AppDelegate.swift */,
				662EAE3821EEAB5000C037A7 /* KeyButton.swift */,
				66E3D90D21F5969F00DF342B /* Controllers */,
				66E3D90B21F5966900DF342B /* Models */,
				66E3D90A21F5964E00DF342B /* Views */,
				66E3D90C21F5968400DF342B /* Support files */,
			);
			path = RelativePitch;
			sourceTree = "<group>";
		};
		662EAE0721EE9D1C00C037A7 /* Piano3 */ = {
			isa = PBXGroup;
			children = (
				662EAE2021EE9FC100C037A7 /* Piano-C3.wav */,
				662EAE2721EEA2D000C037A7 /* Piano-A3.wav */,
				662EAE2521EEA2D000C037A7 /* Piano-Ab3.wav */,
				662EAE2B21EEA2D100C037A7 /* Piano-B3.wav */,
				662EAE2621EEA2D000C037A7 /* Piano-Bb3.wav */,
				662EAE2A21EEA2D100C037A7 /* Piano-D3.wav */,
				662EAE2321EEA2CF00C037A7 /* Piano-Db3.wav */,
				662EAE2821EEA2D100C037A7 /* Piano-E3.wav */,
				662EAE2921EEA2D100C037A7 /* Piano-Eb3.wav */,
				662EAE2221EEA2CF00C037A7 /* Piano-F3.wav */,
				662EAE2421EEA2D000C037A7 /* Piano-G3.wav */,
				662EAE2C21EEA2D200C037A7 /* Piano-Gb3.wav */,
			);
			path = Piano3;
			sourceTree = "<group>";
		};
		66E3D90A21F5964E00DF342B /* Views */ = {
			isa = PBXGroup;
			children = (
				66E3D90621F56F1C00DF342B /* MenuButtonView.swift */,
				66E3D90821F5963000DF342B /* KeyButtonView.swift */,
				66E3D90E21F691F000DF342B /* TimerView.swift */,
				66E3D91021F6967C00DF342B /* CommonLabel.swift */,
			);
			path = Views;
			sourceTree = "<group>";
		};
		66E3D90B21F5966900DF342B /* Models */ = {
			isa = PBXGroup;
			children = (
				662EAE3C21F156A900C037A7 /* MusicBox.swift */,
			);
			path = Models;
			sourceTree = "<group>";
		};
		66E3D90C21F5968400DF342B /* Support files */ = {
			isa = PBXGroup;
			children = (
				662EADF321EE97D800C037A7 /* Products */,
				662EAE0721EE9D1C00C037A7 /* Piano3 */,
				8C1BE4EFBCE5D065AEC807B6 /* Pods */,
				8F622479CAAF2EC852B55C0D /* Frameworks */,
				662EADF921EE97D800C037A7 /* Main.storyboard */,
				662EADFC21EE97D900C037A7 /* Assets.xcassets */,
				662EADFE21EE97D900C037A7 /* LaunchScreen.storyboard */,
			);
			path = "Support files";
			sourceTree = "<group>";
		};
		66E3D90D21F5969F00DF342B /* Controllers */ = {
			isa = PBXGroup;
			children = (
				662EADF721EE97D800C037A7 /* ViewController.swift */,
				66A51536220EB41000831DD7 /* MainViewController.swift */,
				66A51538220EBBC900831DD7 /* GameOverViewController.swift */,
			);
			path = Controllers;
			sourceTree = "<group>";
		};
		8C1BE4EFBCE5D065AEC807B6 /* Pods */ = {
			isa = PBXGroup;
			children = (
				6A33A02FB9377D13A242DF65 /* Pods-RelativePitch.debug.xcconfig */,
				6D405BA93DBCFA272D6120F8 /* Pods-RelativePitch.release.xcconfig */,
			);
			name = Pods;
			path = ../..;
			sourceTree = "<group>";
		};
		8F622479CAAF2EC852B55C0D /* Frameworks */ = {
			isa = PBXGroup;
			children = (
				E682D6571959BE94A1353198 /* Pods_RelativePitch.framework */,
			);
			name = Frameworks;
			path = ../..;
			sourceTree = "<group>";
		};
/* End PBXGroup section */

/* Begin PBXNativeTarget section */
		662EADF121EE97D800C037A7 /* RelativePitch */ = {
			isa = PBXNativeTarget;
			buildConfigurationList = 662EAE0421EE97D900C037A7 /* Build configuration list for PBXNativeTarget "RelativePitch" */;
			buildPhases = (
				A4A143E8132E490D9F2440D0 /* [CP] Check Pods Manifest.lock */,
				662EADEE21EE97D800C037A7 /* Sources */,
				662EADEF21EE97D800C037A7 /* Frameworks */,
				662EADF021EE97D800C037A7 /* Resources */,
				F6E171AA9531F6594C21408A /* [CP] Embed Pods Frameworks */,
			);
			buildRules = (
			);
			dependencies = (
			);
			name = RelativePitch;
			productName = RelativePitch;
			productReference = 662EADF221EE97D800C037A7 /* RelativePitch.app */;
			productType = "com.apple.product-type.application";
		};
/* End PBXNativeTarget section */

/* Begin PBXProject section */
		662EADEA21EE97D800C037A7 /* Project object */ = {
			isa = PBXProject;
			attributes = {
				LastSwiftUpdateCheck = 1010;
				LastUpgradeCheck = 1010;
				ORGANIZATIONNAME = "utopia incubator";
				TargetAttributes = {
					662EADF121EE97D800C037A7 = {
						CreatedOnToolsVersion = 10.1;
					};
				};
			};
			buildConfigurationList = 662EADED21EE97D800C037A7 /* Build configuration list for PBXProject "RelativePitch" */;
			compatibilityVersion = "Xcode 9.3";
			developmentRegion = en;
			hasScannedForEncodings = 0;
			knownRegions = (
				en,
				Base,
			);
			mainGroup = 662EADE921EE97D800C037A7;
			productRefGroup = 662EADF321EE97D800C037A7 /* Products */;
			projectDirPath = "";
			projectRoot = "";
			targets = (
				662EADF121EE97D800C037A7 /* RelativePitch */,
			);
		};
/* End PBXProject section */

/* Begin PBXResourcesBuildPhase section */
		662EADF021EE97D800C037A7 /* Resources */ = {
			isa = PBXResourcesBuildPhase;
			buildActionMask = 2147483647;
			files = (
				662EAE3421EEA2D200C037A7 /* Piano-Eb3.wav in Resources */,
				662EAE3321EEA2D200C037A7 /* Piano-E3.wav in Resources */,
				662EAE0021EE97D900C037A7 /* LaunchScreen.storyboard in Resources */,
				662EAE3221EEA2D200C037A7 /* Piano-A3.wav in Resources */,
				662EAE3621EEA2D200C037A7 /* Piano-B3.wav in Resources */,
				662EAE2E21EEA2D200C037A7 /* Piano-Db3.wav in Resources */,
				662EAE2D21EEA2D200C037A7 /* Piano-F3.wav in Resources */,
				662EAE3721EEA2D200C037A7 /* Piano-Gb3.wav in Resources */,
				662EAE3121EEA2D200C037A7 /* Piano-Bb3.wav in Resources */,
				662EAE2F21EEA2D200C037A7 /* Piano-G3.wav in Resources */,
				662EAE3021EEA2D200C037A7 /* Piano-Ab3.wav in Resources */,
				662EADFD21EE97D900C037A7 /* Assets.xcassets in Resources */,
				662EAE3521EEA2D200C037A7 /* Piano-D3.wav in Resources */,
				662EAE2121EE9FC100C037A7 /* Piano-C3.wav in Resources */,
				662EADFB21EE97D800C037A7 /* Main.storyboard in Resources */,
			);
			runOnlyForDeploymentPostprocessing = 0;
		};
/* End PBXResourcesBuildPhase section */

/* Begin PBXShellScriptBuildPhase section */
		A4A143E8132E490D9F2440D0 /* [CP] Check Pods Manifest.lock */ = {
			isa = PBXShellScriptBuildPhase;
			buildActionMask = 2147483647;
			files = (
			);
			inputPaths = (
				"${PODS_PODFILE_DIR_PATH}/Podfile.lock",
				"${PODS_ROOT}/Manifest.lock",
			);
			name = "[CP] Check Pods Manifest.lock";
			outputPaths = (
				"$(DERIVED_FILE_DIR)/Pods-RelativePitch-checkManifestLockResult.txt",
			);
			runOnlyForDeploymentPostprocessing = 0;
			shellPath = /bin/sh;
			shellScript = "diff \"${PODS_PODFILE_DIR_PATH}/Podfile.lock\" \"${PODS_ROOT}/Manifest.lock\" > /dev/null\nif [ $? != 0 ] ; then\n    # print error to STDERR\n    echo \"error: The sandbox is not in sync with the Podfile.lock. Run 'pod install' or update your CocoaPods installation.\" >&2\n    exit 1\nfi\n# This output is used by Xcode 'outputs' to avoid re-running this script phase.\necho \"SUCCESS\" > \"${SCRIPT_OUTPUT_FILE_0}\"\n";
			showEnvVarsInLog = 0;
		};
		F6E171AA9531F6594C21408A /* [CP] Embed Pods Frameworks */ = {
			isa = PBXShellScriptBuildPhase;
			buildActionMask = 2147483647;
			files = (
			);
			inputPaths = (
				"${SRCROOT}/Pods/Target Support Files/Pods-RelativePitch/Pods-RelativePitch-frameworks.sh",
				"${BUILT_PRODUCTS_DIR}/CircleTimer/AppusCircleTimer.framework",
				"${BUILT_PRODUCTS_DIR}/SnapKit/SnapKit.framework",
			);
			name = "[CP] Embed Pods Frameworks";
			outputPaths = (
				"${TARGET_BUILD_DIR}/${FRAMEWORKS_FOLDER_PATH}/AppusCircleTimer.framework",
				"${TARGET_BUILD_DIR}/${FRAMEWORKS_FOLDER_PATH}/SnapKit.framework",
			);
			runOnlyForDeploymentPostprocessing = 0;
			shellPath = /bin/sh;
			shellScript = "\"${SRCROOT}/Pods/Target Support Files/Pods-RelativePitch/Pods-RelativePitch-frameworks.sh\"\n";
			showEnvVarsInLog = 0;
		};
/* End PBXShellScriptBuildPhase section */

/* Begin PBXSourcesBuildPhase section */
		662EADEE21EE97D800C037A7 /* Sources */ = {
			isa = PBXSourcesBuildPhase;
			buildActionMask = 2147483647;
			files = (
				66E3D90F21F691F000DF342B /* TimerView.swift in Sources */,
				662EAE3921EEAB5000C037A7 /* KeyButton.swift in Sources */,
				662EADF821EE97D800C037A7 /* ViewController.swift in Sources */,
				66E3D90921F5963000DF342B /* KeyButtonView.swift in Sources */,
				66A51539220EBBC900831DD7 /* GameOverViewController.swift in Sources */,
				66E3D90721F56F1C00DF342B /* MenuButtonView.swift in Sources */,
				66E3D91121F6967C00DF342B /* CommonLabel.swift in Sources */,
				66A51537220EB41000831DD7 /* MainViewController.swift in Sources */,
				662EADF621EE97D800C037A7 /* AppDelegate.swift in Sources */,
				662EAE3D21F156A900C037A7 /* MusicBox.swift in Sources */,
			);
			runOnlyForDeploymentPostprocessing = 0;
		};
/* End PBXSourcesBuildPhase section */

/* Begin PBXVariantGroup section */
		662EADF921EE97D800C037A7 /* Main.storyboard */ = {
			isa = PBXVariantGroup;
			children = (
				662EADFA21EE97D800C037A7 /* Base */,
			);
			name = Main.storyboard;
			sourceTree = "<group>";
		};
		662EADFE21EE97D900C037A7 /* LaunchScreen.storyboard */ = {
			isa = PBXVariantGroup;
			children = (
				662EADFF21EE97D900C037A7 /* Base */,
			);
			name = LaunchScreen.storyboard;
			sourceTree = "<group>";
		};
/* End PBXVariantGroup section */

/* Begin XCBuildConfiguration section */
		662EAE0221EE97D900C037A7 /* Debug */ = {
			isa = XCBuildConfiguration;
			buildSettings = {
				ALWAYS_SEARCH_USER_PATHS = NO;
				CLANG_ANALYZER_NONNULL = YES;
				CLANG_ANALYZER_NUMBER_OBJECT_CONVERSION = YES_AGGRESSIVE;
				CLANG_CXX_LANGUAGE_STANDARD = "gnu++14";
				CLANG_CXX_LIBRARY = "libc++";
				CLANG_ENABLE_MODULES = YES;
				CLANG_ENABLE_OBJC_ARC = YES;
				CLANG_ENABLE_OBJC_WEAK = YES;
				CLANG_WARN_BLOCK_CAPTURE_AUTORELEASING = YES;
				CLANG_WARN_BOOL_CONVERSION = YES;
				CLANG_WARN_COMMA = YES;
				CLANG_WARN_CONSTANT_CONVERSION = YES;
				CLANG_WARN_DEPRECATED_OBJC_IMPLEMENTATIONS = YES;
				CLANG_WARN_DIRECT_OBJC_ISA_USAGE = YES_ERROR;
				CLANG_WARN_DOCUMENTATION_COMMENTS = YES;
				CLANG_WARN_EMPTY_BODY = YES;
				CLANG_WARN_ENUM_CONVERSION = YES;
				CLANG_WARN_INFINITE_RECURSION = YES;
				CLANG_WARN_INT_CONVERSION = YES;
				CLANG_WARN_NON_LITERAL_NULL_CONVERSION = YES;
				CLANG_WARN_OBJC_IMPLICIT_RETAIN_SELF = YES;
				CLANG_WARN_OBJC_LITERAL_CONVERSION = YES;
				CLANG_WARN_OBJC_ROOT_CLASS = YES_ERROR;
				CLANG_WARN_RANGE_LOOP_ANALYSIS = YES;
				CLANG_WARN_STRICT_PROTOTYPES = YES;
				CLANG_WARN_SUSPICIOUS_MOVE = YES;
				CLANG_WARN_UNGUARDED_AVAILABILITY = YES_AGGRESSIVE;
				CLANG_WARN_UNREACHABLE_CODE = YES;
				CLANG_WARN__DUPLICATE_METHOD_MATCH = YES;
				CODE_SIGN_IDENTITY = "iPhone Developer";
				COPY_PHASE_STRIP = NO;
				DEBUG_INFORMATION_FORMAT = dwarf;
				ENABLE_STRICT_OBJC_MSGSEND = YES;
				ENABLE_TESTABILITY = YES;
				GCC_C_LANGUAGE_STANDARD = gnu11;
				GCC_DYNAMIC_NO_PIC = NO;
				GCC_NO_COMMON_BLOCKS = YES;
				GCC_OPTIMIZATION_LEVEL = 0;
				GCC_PREPROCESSOR_DEFINITIONS = (
					"DEBUG=1",
					"$(inherited)",
				);
				GCC_WARN_64_TO_32_BIT_CONVERSION = YES;
				GCC_WARN_ABOUT_RETURN_TYPE = YES_ERROR;
				GCC_WARN_UNDECLARED_SELECTOR = YES;
				GCC_WARN_UNINITIALIZED_AUTOS = YES_AGGRESSIVE;
				GCC_WARN_UNUSED_FUNCTION = YES;
				GCC_WARN_UNUSED_VARIABLE = YES;
				IPHONEOS_DEPLOYMENT_TARGET = 12.1;
				MTL_ENABLE_DEBUG_INFO = INCLUDE_SOURCE;
				MTL_FAST_MATH = YES;
				ONLY_ACTIVE_ARCH = YES;
				SDKROOT = iphoneos;
				SWIFT_ACTIVE_COMPILATION_CONDITIONS = DEBUG;
				SWIFT_OPTIMIZATION_LEVEL = "-Onone";
			};
			name = Debug;
		};
		662EAE0321EE97D900C037A7 /* Release */ = {
			isa = XCBuildConfiguration;
			buildSettings = {
				ALWAYS_SEARCH_USER_PATHS = NO;
				CLANG_ANALYZER_NONNULL = YES;
				CLANG_ANALYZER_NUMBER_OBJECT_CONVERSION = YES_AGGRESSIVE;
				CLANG_CXX_LANGUAGE_STANDARD = "gnu++14";
				CLANG_CXX_LIBRARY = "libc++";
				CLANG_ENABLE_MODULES = YES;
				CLANG_ENABLE_OBJC_ARC = YES;
				CLANG_ENABLE_OBJC_WEAK = YES;
				CLANG_WARN_BLOCK_CAPTURE_AUTORELEASING = YES;
				CLANG_WARN_BOOL_CONVERSION = YES;
				CLANG_WARN_COMMA = YES;
				CLANG_WARN_CONSTANT_CONVERSION = YES;
				CLANG_WARN_DEPRECATED_OBJC_IMPLEMENTATIONS = YES;
				CLANG_WARN_DIRECT_OBJC_ISA_USAGE = YES_ERROR;
				CLANG_WARN_DOCUMENTATION_COMMENTS = YES;
				CLANG_WARN_EMPTY_BODY = YES;
				CLANG_WARN_ENUM_CONVERSION = YES;
				CLANG_WARN_INFINITE_RECURSION = YES;
				CLANG_WARN_INT_CONVERSION = YES;
				CLANG_WARN_NON_LITERAL_NULL_CONVERSION = YES;
				CLANG_WARN_OBJC_IMPLICIT_RETAIN_SELF = YES;
				CLANG_WARN_OBJC_LITERAL_CONVERSION = YES;
				CLANG_WARN_OBJC_ROOT_CLASS = YES_ERROR;
				CLANG_WARN_RANGE_LOOP_ANALYSIS = YES;
				CLANG_WARN_STRICT_PROTOTYPES = YES;
				CLANG_WARN_SUSPICIOUS_MOVE = YES;
				CLANG_WARN_UNGUARDED_AVAILABILITY = YES_AGGRESSIVE;
				CLANG_WARN_UNREACHABLE_CODE = YES;
				CLANG_WARN__DUPLICATE_METHOD_MATCH = YES;
				CODE_SIGN_IDENTITY = "iPhone Developer";
				COPY_PHASE_STRIP = NO;
				DEBUG_INFORMATION_FORMAT = "dwarf-with-dsym";
				ENABLE_NS_ASSERTIONS = NO;
				ENABLE_STRICT_OBJC_MSGSEND = YES;
				GCC_C_LANGUAGE_STANDARD = gnu11;
				GCC_NO_COMMON_BLOCKS = YES;
				GCC_WARN_64_TO_32_BIT_CONVERSION = YES;
				GCC_WARN_ABOUT_RETURN_TYPE = YES_ERROR;
				GCC_WARN_UNDECLARED_SELECTOR = YES;
				GCC_WARN_UNINITIALIZED_AUTOS = YES_AGGRESSIVE;
				GCC_WARN_UNUSED_FUNCTION = YES;
				GCC_WARN_UNUSED_VARIABLE = YES;
				IPHONEOS_DEPLOYMENT_TARGET = 12.1;
				MTL_ENABLE_DEBUG_INFO = NO;
				MTL_FAST_MATH = YES;
				SDKROOT = iphoneos;
				SWIFT_COMPILATION_MODE = wholemodule;
				SWIFT_OPTIMIZATION_LEVEL = "-O";
				VALIDATE_PRODUCT = YES;
			};
			name = Release;
		};
		662EAE0521EE97D900C037A7 /* Debug */ = {
			isa = XCBuildConfiguration;
			baseConfigurationReference = 6A33A02FB9377D13A242DF65 /* Pods-RelativePitch.debug.xcconfig */;
			buildSettings = {
				ASSETCATALOG_COMPILER_APPICON_NAME = AppIcon;
				CODE_SIGN_STYLE = Automatic;
				DEVELOPMENT_TEAM = 3434CZ5U2F;
				INFOPLIST_FILE = RelativePitch/Info.plist;
				LD_RUNPATH_SEARCH_PATHS = (
					"$(inherited)",
					"@executable_path/Frameworks",
				);
				PRODUCT_BUNDLE_IDENTIFIER = "utopia-incubator.RelativePitch";
				PRODUCT_NAME = "$(TARGET_NAME)";
				SWIFT_VERSION = 4.2;
				TARGETED_DEVICE_FAMILY = "1,2";
			};
			name = Debug;
		};
		662EAE0621EE97D900C037A7 /* Release */ = {
			isa = XCBuildConfiguration;
			baseConfigurationReference = 6D405BA93DBCFA272D6120F8 /* Pods-RelativePitch.release.xcconfig */;
			buildSettings = {
				ASSETCATALOG_COMPILER_APPICON_NAME = AppIcon;
				CODE_SIGN_STYLE = Automatic;
				DEVELOPMENT_TEAM = 3434CZ5U2F;
				INFOPLIST_FILE = RelativePitch/Info.plist;
				LD_RUNPATH_SEARCH_PATHS = (
					"$(inherited)",
					"@executable_path/Frameworks",
				);
				PRODUCT_BUNDLE_IDENTIFIER = "utopia-incubator.RelativePitch";
				PRODUCT_NAME = "$(TARGET_NAME)";
				SWIFT_VERSION = 4.2;
				TARGETED_DEVICE_FAMILY = "1,2";
			};
			name = Release;
		};
/* End XCBuildConfiguration section */

/* Begin XCConfigurationList section */
		662EADED21EE97D800C037A7 /* Build configuration list for PBXProject "RelativePitch" */ = {
			isa = XCConfigurationList;
			buildConfigurations = (
				662EAE0221EE97D900C037A7 /* Debug */,
				662EAE0321EE97D900C037A7 /* Release */,
			);
			defaultConfigurationIsVisible = 0;
			defaultConfigurationName = Release;
		};
		662EAE0421EE97D900C037A7 /* Build configuration list for PBXNativeTarget "RelativePitch" */ = {
			isa = XCConfigurationList;
			buildConfigurations = (
				662EAE0521EE97D900C037A7 /* Debug */,
				662EAE0621EE97D900C037A7 /* Release */,
			);
			defaultConfigurationIsVisible = 0;
			defaultConfigurationName = Release;
		};
/* End XCConfigurationList section */
	};
	rootObject = 662EADEA21EE97D800C037A7 /* Project object */;
}
